
Microsoft Visual Studio Solution File, Format Version 12.00
# Visual Studio Version 17
VisualStudioVersion = 17.0.31825.309
MinimumVisualStudioVersion = 10.0.40219.1
Project("{9A19103F-16F7-4668-BE54-9A1E7A4F7556}") = "Password.Domain", "Password.Domain\Password.Domain.csproj", "{7B4601F3-686F-4A9F-9FF2-BE0DC0ADAC6A}"
EndProject
Project("{9A19103F-16F7-4668-BE54-9A1E7A4F7556}") = "Password.Domain.UnitTests", "Password.Domain.UnitTests\Password.Domain.UnitTests.csproj", "{5CAEF769-866D-43AA-970F-B9DEEA385228}"
EndProject
Project("{FAE04EC0-301F-11D3-BF4B-00C04F79EFBC}") = "Password.Domain.IntegrationTests", "Password.Domain.IntegrationTests\Password.Domain.IntegrationTests.csproj", "{4D8BB0BB-1098-412B-8087-FF9B10A49224}"
EndProject
Global
	GlobalSection(SolutionConfigurationPlatforms) = preSolution
		Debug|Any CPU = Debug|Any CPU
		Release|Any CPU = Release|Any CPU
	EndGlobalSection
	GlobalSection(ProjectConfigurationPlatforms) = postSolution
		{7B4601F3-686F-4A9F-9FF2-BE0DC0ADAC6A}.Debug|Any CPU.ActiveCfg = Debug|Any CPU
		{7B4601F3-686F-4A9F-9FF2-BE0DC0ADAC6A}.Debug|Any CPU.Build.0 = Debug|Any CPU
		{7B4601F3-686F-4A9F-9FF2-BE0DC0ADAC6A}.Release|Any CPU.ActiveCfg = Release|Any CPU
		{7B4601F3-686F-4A9F-9FF2-BE0DC0ADAC6A}.Release|Any CPU.Build.0 = Release|Any CPU
		{5CAEF769-866D-43AA-970F-B9DEEA385228}.Debug|Any CPU.ActiveCfg = Debug|Any CPU
		{5CAEF769-866D-43AA-970F-B9DEEA385228}.Debug|Any CPU.Build.0 = Debug|Any CPU
		{5CAEF769-866D-43AA-970F-B9DEEA385228}.Release|Any CPU.ActiveCfg = Release|Any CPU
		{5CAEF769-866D-43AA-970F-B9DEEA385228}.Release|Any CPU.Build.0 = Release|Any CPU
		{4D8BB0BB-1098-412B-8087-FF9B10A49224}.Debug|Any CPU.ActiveCfg = Debug|Any CPU
		{4D8BB0BB-1098-412B-8087-FF9B10A49224}.Debug|Any CPU.Build.0 = Debug|Any CPU
		{4D8BB0BB-1098-412B-8087-FF9B10A49224}.Release|Any CPU.ActiveCfg = Release|Any CPU
		{4D8BB0BB-1098-412B-8087-FF9B10A49224}.Release|Any CPU.Build.0 = Release|Any CPU
	EndGlobalSection
	GlobalSection(SolutionProperties) = preSolution
		HideSolutionNode = FALSE
	EndGlobalSection
	GlobalSection(ExtensibilityGlobals) = postSolution
		SolutionGuid = {550BF7F2-F7B4-48AB-9D67-DBD12D7A928C}
	EndGlobalSection
EndGlobal
