
Microsoft Visual Studio Solution File, Format Version 12.00
# Visual Studio Version 17
VisualStudioVersion = 17.0.31717.71
MinimumVisualStudioVersion = 10.0.40219.1
Project("{9A19103F-16F7-4668-BE54-9A1E7A4F7556}") = "BalancedBrackets.Domain", "BalancedBrackets.Domain\BalancedBrackets.Domain.csproj", "{71231973-FE97-4AA6-AA25-5581D211BAC7}"
EndProject
Project("{9A19103F-16F7-4668-BE54-9A1E7A4F7556}") = "BalancedBrackets.Domain.Tests", "BalancedBrackets.Domain.Tests\BalancedBrackets.Domain.Tests.csproj", "{81DC5CDB-E7E2-4290-9C3D-5846846E811C}"
EndProject
Global
	GlobalSection(SolutionConfigurationPlatforms) = preSolution
		Debug|Any CPU = Debug|Any CPU
		Release|Any CPU = Release|Any CPU
	EndGlobalSection
	GlobalSection(ProjectConfigurationPlatforms) = postSolution
		{71231973-FE97-4AA6-AA25-5581D211BAC7}.Debug|Any CPU.ActiveCfg = Debug|Any CPU
		{71231973-FE97-4AA6-AA25-5581D211BAC7}.Debug|Any CPU.Build.0 = Debug|Any CPU
		{71231973-FE97-4AA6-AA25-5581D211BAC7}.Release|Any CPU.ActiveCfg = Release|Any CPU
		{71231973-FE97-4AA6-AA25-5581D211BAC7}.Release|Any CPU.Build.0 = Release|Any CPU
		{81DC5CDB-E7E2-4290-9C3D-5846846E811C}.Debug|Any CPU.ActiveCfg = Debug|Any CPU
		{81DC5CDB-E7E2-4290-9C3D-5846846E811C}.Debug|Any CPU.Build.0 = Debug|Any CPU
		{81DC5CDB-E7E2-4290-9C3D-5846846E811C}.Release|Any CPU.ActiveCfg = Release|Any CPU
		{81DC5CDB-E7E2-4290-9C3D-5846846E811C}.Release|Any CPU.Build.0 = Release|Any CPU
	EndGlobalSection
	GlobalSection(SolutionProperties) = preSolution
		HideSolutionNode = FALSE
	EndGlobalSection
	GlobalSection(ExtensibilityGlobals) = postSolution
		SolutionGuid = {BAB36C28-B25A-4694-98EC-3EBAF2D8A6AE}
	EndGlobalSection
EndGlobal
