
Microsoft Visual Studio Solution File, Format Version 12.00
# Visual Studio Version 17
VisualStudioVersion = 17.1.32319.34
MinimumVisualStudioVersion = 10.0.40219.1
Project("{FAE04EC0-301F-11D3-BF4B-00C04F79EFBC}") = "FluentCalculator.Domain", "FluentCalculator.Domain\FluentCalculator.Domain.csproj", "{1F81C5FA-4B91-4DB1-93F4-CC84AACD73A4}"
EndProject
Project("{FAE04EC0-301F-11D3-BF4B-00C04F79EFBC}") = "FluentCalculator.Domain.Tests", "FluentCalculator.Domain.Tests\FluentCalculator.Domain.Tests.csproj", "{A0BE74EF-F0FD-4709-9089-FA7F8AC00C1A}"
EndProject
Global
	GlobalSection(SolutionConfigurationPlatforms) = preSolution
		Debug|Any CPU = Debug|Any CPU
		Release|Any CPU = Release|Any CPU
	EndGlobalSection
	GlobalSection(ProjectConfigurationPlatforms) = postSolution
		{1F81C5FA-4B91-4DB1-93F4-CC84AACD73A4}.Debug|Any CPU.ActiveCfg = Debug|Any CPU
		{1F81C5FA-4B91-4DB1-93F4-CC84AACD73A4}.Debug|Any CPU.Build.0 = Debug|Any CPU
		{1F81C5FA-4B91-4DB1-93F4-CC84AACD73A4}.Release|Any CPU.ActiveCfg = Release|Any CPU
		{1F81C5FA-4B91-4DB1-93F4-CC84AACD73A4}.Release|Any CPU.Build.0 = Release|Any CPU
		{A0BE74EF-F0FD-4709-9089-FA7F8AC00C1A}.Debug|Any CPU.ActiveCfg = Debug|Any CPU
		{A0BE74EF-F0FD-4709-9089-FA7F8AC00C1A}.Debug|Any CPU.Build.0 = Debug|Any CPU
		{A0BE74EF-F0FD-4709-9089-FA7F8AC00C1A}.Release|Any CPU.ActiveCfg = Release|Any CPU
		{A0BE74EF-F0FD-4709-9089-FA7F8AC00C1A}.Release|Any CPU.Build.0 = Release|Any CPU
	EndGlobalSection
	GlobalSection(SolutionProperties) = preSolution
		HideSolutionNode = FALSE
	EndGlobalSection
	GlobalSection(ExtensibilityGlobals) = postSolution
		SolutionGuid = {063FF0E1-713B-47BB-A4E8-2531085AFF99}
	EndGlobalSection
EndGlobal
