
Microsoft Visual Studio Solution File, Format Version 12.00
# Visual Studio Version 17
VisualStudioVersion = 17.1.32319.34
MinimumVisualStudioVersion = 10.0.40219.1
Project("{FAE04EC0-301F-11D3-BF4B-00C04F79EFBC}") = "FizzBuzzWhiz.Domain", "FizzBuzzWhiz.Domain\FizzBuzzWhiz.Domain.csproj", "{1219FE09-F54F-4CEC-8D8A-89EFE2696709}"
EndProject
Project("{FAE04EC0-301F-11D3-BF4B-00C04F79EFBC}") = "FizzBuzzWhiz.Domain.Tests", "FizzBuzzWhiz.Domain.Tests\FizzBuzzWhiz.Domain.Tests.csproj", "{23BDB132-AD90-4736-8F88-74C54481D06F}"
EndProject
Global
	GlobalSection(SolutionConfigurationPlatforms) = preSolution
		Debug|Any CPU = Debug|Any CPU
		Release|Any CPU = Release|Any CPU
	EndGlobalSection
	GlobalSection(ProjectConfigurationPlatforms) = postSolution
		{1219FE09-F54F-4CEC-8D8A-89EFE2696709}.Debug|Any CPU.ActiveCfg = Debug|Any CPU
		{1219FE09-F54F-4CEC-8D8A-89EFE2696709}.Debug|Any CPU.Build.0 = Debug|Any CPU
		{1219FE09-F54F-4CEC-8D8A-89EFE2696709}.Release|Any CPU.ActiveCfg = Release|Any CPU
		{1219FE09-F54F-4CEC-8D8A-89EFE2696709}.Release|Any CPU.Build.0 = Release|Any CPU
		{23BDB132-AD90-4736-8F88-74C54481D06F}.Debug|Any CPU.ActiveCfg = Debug|Any CPU
		{23BDB132-AD90-4736-8F88-74C54481D06F}.Debug|Any CPU.Build.0 = Debug|Any CPU
		{23BDB132-AD90-4736-8F88-74C54481D06F}.Release|Any CPU.ActiveCfg = Release|Any CPU
		{23BDB132-AD90-4736-8F88-74C54481D06F}.Release|Any CPU.Build.0 = Release|Any CPU
	EndGlobalSection
	GlobalSection(SolutionProperties) = preSolution
		HideSolutionNode = FALSE
	EndGlobalSection
	GlobalSection(ExtensibilityGlobals) = postSolution
		SolutionGuid = {60EA5009-33A4-43F9-87C0-51F055370CD9}
	EndGlobalSection
EndGlobal
