
Microsoft Visual Studio Solution File, Format Version 12.00
# Visual Studio Version 17
VisualStudioVersion = 17.1.32319.34
MinimumVisualStudioVersion = 10.0.40219.1
Project("{FAE04EC0-301F-11D3-BF4B-00C04F79EFBC}") = "GreetingKata.Domain", "GreetingKata.Domain\GreetingKata.Domain.csproj", "{03221871-069F-415D-9A44-EBC0664BECF3}"
EndProject
Project("{FAE04EC0-301F-11D3-BF4B-00C04F79EFBC}") = "GreetingKata.Domain.Tests", "GreetingKata.Domain.Tests\GreetingKata.Domain.Tests.csproj", "{02F5806B-DADA-4AB8-AD29-85482EEEF853}"
EndProject
Global
	GlobalSection(SolutionConfigurationPlatforms) = preSolution
		Debug|Any CPU = Debug|Any CPU
		Release|Any CPU = Release|Any CPU
	EndGlobalSection
	GlobalSection(ProjectConfigurationPlatforms) = postSolution
		{03221871-069F-415D-9A44-EBC0664BECF3}.Debug|Any CPU.ActiveCfg = Debug|Any CPU
		{03221871-069F-415D-9A44-EBC0664BECF3}.Debug|Any CPU.Build.0 = Debug|Any CPU
		{03221871-069F-415D-9A44-EBC0664BECF3}.Release|Any CPU.ActiveCfg = Release|Any CPU
		{03221871-069F-415D-9A44-EBC0664BECF3}.Release|Any CPU.Build.0 = Release|Any CPU
		{02F5806B-DADA-4AB8-AD29-85482EEEF853}.Debug|Any CPU.ActiveCfg = Debug|Any CPU
		{02F5806B-DADA-4AB8-AD29-85482EEEF853}.Debug|Any CPU.Build.0 = Debug|Any CPU
		{02F5806B-DADA-4AB8-AD29-85482EEEF853}.Release|Any CPU.ActiveCfg = Release|Any CPU
		{02F5806B-DADA-4AB8-AD29-85482EEEF853}.Release|Any CPU.Build.0 = Release|Any CPU
	EndGlobalSection
	GlobalSection(SolutionProperties) = preSolution
		HideSolutionNode = FALSE
	EndGlobalSection
	GlobalSection(ExtensibilityGlobals) = postSolution
		SolutionGuid = {A9B2406D-9A78-4008-9176-FBB6B77A9CFC}
	EndGlobalSection
EndGlobal
