
Microsoft Visual Studio Solution File, Format Version 12.00
# Visual Studio Version 17
VisualStudioVersion = 17.0.31717.71
MinimumVisualStudioVersion = 10.0.40219.1
Project("{FAE04EC0-301F-11D3-BF4B-00C04F79EFBC}") = "LastSundayOfEachMonth.Domain", "LastSundayOfEachMonth.Domain\LastSundayOfEachMonth.Domain.csproj", "{5517F6A7-8236-4509-B5C3-435F2FECF532}"
EndProject
Project("{FAE04EC0-301F-11D3-BF4B-00C04F79EFBC}") = "LastSundayOfEachMonth.Domain.Tests", "LastSundayOfEachMonth.Domain.Tests\LastSundayOfEachMonth.Domain.Tests.csproj", "{462405F1-E8F8-4B8A-AF61-24B68B5299C9}"
EndProject
Global
	GlobalSection(SolutionConfigurationPlatforms) = preSolution
		Debug|Any CPU = Debug|Any CPU
		Release|Any CPU = Release|Any CPU
	EndGlobalSection
	GlobalSection(ProjectConfigurationPlatforms) = postSolution
		{5517F6A7-8236-4509-B5C3-435F2FECF532}.Debug|Any CPU.ActiveCfg = Debug|Any CPU
		{5517F6A7-8236-4509-B5C3-435F2FECF532}.Debug|Any CPU.Build.0 = Debug|Any CPU
		{5517F6A7-8236-4509-B5C3-435F2FECF532}.Release|Any CPU.ActiveCfg = Release|Any CPU
		{5517F6A7-8236-4509-B5C3-435F2FECF532}.Release|Any CPU.Build.0 = Release|Any CPU
		{462405F1-E8F8-4B8A-AF61-24B68B5299C9}.Debug|Any CPU.ActiveCfg = Debug|Any CPU
		{462405F1-E8F8-4B8A-AF61-24B68B5299C9}.Debug|Any CPU.Build.0 = Debug|Any CPU
		{462405F1-E8F8-4B8A-AF61-24B68B5299C9}.Release|Any CPU.ActiveCfg = Release|Any CPU
		{462405F1-E8F8-4B8A-AF61-24B68B5299C9}.Release|Any CPU.Build.0 = Release|Any CPU
	EndGlobalSection
	GlobalSection(SolutionProperties) = preSolution
		HideSolutionNode = FALSE
	EndGlobalSection
	GlobalSection(ExtensibilityGlobals) = postSolution
		SolutionGuid = {B408FA3B-7886-4B7F-AF82-084C5806C7E1}
	EndGlobalSection
EndGlobal
